
Microsoft Visual Studio Solution File, Format Version 12.00
# Visual Studio Version 16
VisualStudioVersion = 16.0.31424.327
MinimumVisualStudioVersion = 10.0.40219.1
Project("{FAE04EC0-301F-11D3-BF4B-00C04F79EFBC}") = "Ovelse3-5", "Ovelse3-5\Ovelse3-5.csproj", "{820B1F14-8D1E-46C9-8697-90CF76B966B3}"
EndProject
Global
	GlobalSection(SolutionConfigurationPlatforms) = preSolution
		Debug|Any CPU = Debug|Any CPU
		Release|Any CPU = Release|Any CPU
	EndGlobalSection
	GlobalSection(ProjectConfigurationPlatforms) = postSolution
		{820B1F14-8D1E-46C9-8697-90CF76B966B3}.Debug|Any CPU.ActiveCfg = Debug|Any CPU
		{820B1F14-8D1E-46C9-8697-90CF76B966B3}.Debug|Any CPU.Build.0 = Debug|Any CPU
		{820B1F14-8D1E-46C9-8697-90CF76B966B3}.Release|Any CPU.ActiveCfg = Release|Any CPU
		{820B1F14-8D1E-46C9-8697-90CF76B966B3}.Release|Any CPU.Build.0 = Release|Any CPU
	EndGlobalSection
	GlobalSection(SolutionProperties) = preSolution
		HideSolutionNode = FALSE
	EndGlobalSection
	GlobalSection(ExtensibilityGlobals) = postSolution
		SolutionGuid = {DE8E72DF-97F2-4410-AA54-7BA9D02081F2}
	EndGlobalSection
EndGlobal
