
Microsoft Visual Studio Solution File, Format Version 12.00
# Visual Studio Version 16
VisualStudioVersion = 16.0.31729.503
MinimumVisualStudioVersion = 10.0.40219.1
Project("{FAE04EC0-301F-11D3-BF4B-00C04F79EFBC}") = "Ovelse5-7", "Ovelse5-7\Ovelse5-7.csproj", "{5EFC4613-8620-4D8F-A162-B87A59EF0EDE}"
EndProject
Global
	GlobalSection(SolutionConfigurationPlatforms) = preSolution
		Debug|Any CPU = Debug|Any CPU
		Release|Any CPU = Release|Any CPU
	EndGlobalSection
	GlobalSection(ProjectConfigurationPlatforms) = postSolution
		{5EFC4613-8620-4D8F-A162-B87A59EF0EDE}.Debug|Any CPU.ActiveCfg = Debug|Any CPU
		{5EFC4613-8620-4D8F-A162-B87A59EF0EDE}.Debug|Any CPU.Build.0 = Debug|Any CPU
		{5EFC4613-8620-4D8F-A162-B87A59EF0EDE}.Release|Any CPU.ActiveCfg = Release|Any CPU
		{5EFC4613-8620-4D8F-A162-B87A59EF0EDE}.Release|Any CPU.Build.0 = Release|Any CPU
	EndGlobalSection
	GlobalSection(SolutionProperties) = preSolution
		HideSolutionNode = FALSE
	EndGlobalSection
	GlobalSection(ExtensibilityGlobals) = postSolution
		SolutionGuid = {BE49EA37-AB40-42F8-A857-2BA2724C9B79}
	EndGlobalSection
EndGlobal
