
Microsoft Visual Studio Solution File, Format Version 12.00
# Visual Studio Version 16
VisualStudioVersion = 16.0.31729.503
MinimumVisualStudioVersion = 10.0.40219.1
Project("{FAE04EC0-301F-11D3-BF4B-00C04F79EFBC}") = "Ovelse8-9", "Ovelse8-9\Ovelse8-9.csproj", "{A94ADA01-BA90-4B33-81C8-1F16E564A6A0}"
EndProject
Global
	GlobalSection(SolutionConfigurationPlatforms) = preSolution
		Debug|Any CPU = Debug|Any CPU
		Release|Any CPU = Release|Any CPU
	EndGlobalSection
	GlobalSection(ProjectConfigurationPlatforms) = postSolution
		{A94ADA01-BA90-4B33-81C8-1F16E564A6A0}.Debug|Any CPU.ActiveCfg = Debug|Any CPU
		{A94ADA01-BA90-4B33-81C8-1F16E564A6A0}.Debug|Any CPU.Build.0 = Debug|Any CPU
		{A94ADA01-BA90-4B33-81C8-1F16E564A6A0}.Release|Any CPU.ActiveCfg = Release|Any CPU
		{A94ADA01-BA90-4B33-81C8-1F16E564A6A0}.Release|Any CPU.Build.0 = Release|Any CPU
	EndGlobalSection
	GlobalSection(SolutionProperties) = preSolution
		HideSolutionNode = FALSE
	EndGlobalSection
	GlobalSection(ExtensibilityGlobals) = postSolution
		SolutionGuid = {C461E5C7-31FD-4AA6-A472-625C1C3C1B32}
	EndGlobalSection
EndGlobal
