
Microsoft Visual Studio Solution File, Format Version 12.00
# Visual Studio Version 16
VisualStudioVersion = 16.0.31729.503
MinimumVisualStudioVersion = 10.0.40219.1
Project("{FAE04EC0-301F-11D3-BF4B-00C04F79EFBC}") = "Ovelse8-8", "Ovelse8-8\Ovelse8-8.csproj", "{7016B97F-152A-404B-B070-E1CDE6433A1D}"
EndProject
Global
	GlobalSection(SolutionConfigurationPlatforms) = preSolution
		Debug|Any CPU = Debug|Any CPU
		Release|Any CPU = Release|Any CPU
	EndGlobalSection
	GlobalSection(ProjectConfigurationPlatforms) = postSolution
		{7016B97F-152A-404B-B070-E1CDE6433A1D}.Debug|Any CPU.ActiveCfg = Debug|Any CPU
		{7016B97F-152A-404B-B070-E1CDE6433A1D}.Debug|Any CPU.Build.0 = Debug|Any CPU
		{7016B97F-152A-404B-B070-E1CDE6433A1D}.Release|Any CPU.ActiveCfg = Release|Any CPU
		{7016B97F-152A-404B-B070-E1CDE6433A1D}.Release|Any CPU.Build.0 = Release|Any CPU
	EndGlobalSection
	GlobalSection(SolutionProperties) = preSolution
		HideSolutionNode = FALSE
	EndGlobalSection
	GlobalSection(ExtensibilityGlobals) = postSolution
		SolutionGuid = {F528DB60-0173-4956-8C53-0FB77CAEB02F}
	EndGlobalSection
EndGlobal
