
Microsoft Visual Studio Solution File, Format Version 12.00
# Visual Studio Version 16
VisualStudioVersion = 16.0.31729.503
MinimumVisualStudioVersion = 10.0.40219.1
Project("{FAE04EC0-301F-11D3-BF4B-00C04F79EFBC}") = "Ovelse5-8", "Ovelse5-8\Ovelse5-8.csproj", "{E77A7277-5532-45B0-929A-E58AB6CBEAA1}"
EndProject
Global
	GlobalSection(SolutionConfigurationPlatforms) = preSolution
		Debug|Any CPU = Debug|Any CPU
		Release|Any CPU = Release|Any CPU
	EndGlobalSection
	GlobalSection(ProjectConfigurationPlatforms) = postSolution
		{E77A7277-5532-45B0-929A-E58AB6CBEAA1}.Debug|Any CPU.ActiveCfg = Debug|Any CPU
		{E77A7277-5532-45B0-929A-E58AB6CBEAA1}.Debug|Any CPU.Build.0 = Debug|Any CPU
		{E77A7277-5532-45B0-929A-E58AB6CBEAA1}.Release|Any CPU.ActiveCfg = Release|Any CPU
		{E77A7277-5532-45B0-929A-E58AB6CBEAA1}.Release|Any CPU.Build.0 = Release|Any CPU
	EndGlobalSection
	GlobalSection(SolutionProperties) = preSolution
		HideSolutionNode = FALSE
	EndGlobalSection
	GlobalSection(ExtensibilityGlobals) = postSolution
		SolutionGuid = {8C6DF23C-1DB3-4944-BD64-032C9920D722}
	EndGlobalSection
EndGlobal
