
Microsoft Visual Studio Solution File, Format Version 12.00
# Visual Studio Version 16
VisualStudioVersion = 16.0.31729.503
MinimumVisualStudioVersion = 10.0.40219.1
Project("{FAE04EC0-301F-11D3-BF4B-00C04F79EFBC}") = "Ovelse7-8", "Ovelse7-8\Ovelse7-8.csproj", "{B608C4A3-7D98-4FC0-A419-7FFE46064902}"
EndProject
Global
	GlobalSection(SolutionConfigurationPlatforms) = preSolution
		Debug|Any CPU = Debug|Any CPU
		Release|Any CPU = Release|Any CPU
	EndGlobalSection
	GlobalSection(ProjectConfigurationPlatforms) = postSolution
		{B608C4A3-7D98-4FC0-A419-7FFE46064902}.Debug|Any CPU.ActiveCfg = Debug|Any CPU
		{B608C4A3-7D98-4FC0-A419-7FFE46064902}.Debug|Any CPU.Build.0 = Debug|Any CPU
		{B608C4A3-7D98-4FC0-A419-7FFE46064902}.Release|Any CPU.ActiveCfg = Release|Any CPU
		{B608C4A3-7D98-4FC0-A419-7FFE46064902}.Release|Any CPU.Build.0 = Release|Any CPU
	EndGlobalSection
	GlobalSection(SolutionProperties) = preSolution
		HideSolutionNode = FALSE
	EndGlobalSection
	GlobalSection(ExtensibilityGlobals) = postSolution
		SolutionGuid = {4086C6FE-B28A-4248-9D5A-91467CD1B4AB}
	EndGlobalSection
EndGlobal
