
Microsoft Visual Studio Solution File, Format Version 12.00
# Visual Studio Version 16
VisualStudioVersion = 16.0.31729.503
MinimumVisualStudioVersion = 10.0.40219.1
Project("{FAE04EC0-301F-11D3-BF4B-00C04F79EFBC}") = "Ovelse6-5", "Ovelse6-5\Ovelse6-5.csproj", "{8FE24AF7-F3C5-4D33-A135-74A02FB63A9C}"
EndProject
Global
	GlobalSection(SolutionConfigurationPlatforms) = preSolution
		Debug|Any CPU = Debug|Any CPU
		Release|Any CPU = Release|Any CPU
	EndGlobalSection
	GlobalSection(ProjectConfigurationPlatforms) = postSolution
		{8FE24AF7-F3C5-4D33-A135-74A02FB63A9C}.Debug|Any CPU.ActiveCfg = Debug|Any CPU
		{8FE24AF7-F3C5-4D33-A135-74A02FB63A9C}.Debug|Any CPU.Build.0 = Debug|Any CPU
		{8FE24AF7-F3C5-4D33-A135-74A02FB63A9C}.Release|Any CPU.ActiveCfg = Release|Any CPU
		{8FE24AF7-F3C5-4D33-A135-74A02FB63A9C}.Release|Any CPU.Build.0 = Release|Any CPU
	EndGlobalSection
	GlobalSection(SolutionProperties) = preSolution
		HideSolutionNode = FALSE
	EndGlobalSection
	GlobalSection(ExtensibilityGlobals) = postSolution
		SolutionGuid = {AA4E3C19-9828-4036-89BF-49FB54230F49}
	EndGlobalSection
EndGlobal
