
Microsoft Visual Studio Solution File, Format Version 12.00
# Visual Studio Version 16
VisualStudioVersion = 16.0.31729.503
MinimumVisualStudioVersion = 10.0.40219.1
Project("{FAE04EC0-301F-11D3-BF4B-00C04F79EFBC}") = "Ovelse8-3", "Ovelse8-3\Ovelse8-3.csproj", "{EDED9183-DEC4-41D3-B925-2659081E17C8}"
EndProject
Global
	GlobalSection(SolutionConfigurationPlatforms) = preSolution
		Debug|Any CPU = Debug|Any CPU
		Release|Any CPU = Release|Any CPU
	EndGlobalSection
	GlobalSection(ProjectConfigurationPlatforms) = postSolution
		{EDED9183-DEC4-41D3-B925-2659081E17C8}.Debug|Any CPU.ActiveCfg = Debug|Any CPU
		{EDED9183-DEC4-41D3-B925-2659081E17C8}.Debug|Any CPU.Build.0 = Debug|Any CPU
		{EDED9183-DEC4-41D3-B925-2659081E17C8}.Release|Any CPU.ActiveCfg = Release|Any CPU
		{EDED9183-DEC4-41D3-B925-2659081E17C8}.Release|Any CPU.Build.0 = Release|Any CPU
	EndGlobalSection
	GlobalSection(SolutionProperties) = preSolution
		HideSolutionNode = FALSE
	EndGlobalSection
	GlobalSection(ExtensibilityGlobals) = postSolution
		SolutionGuid = {089F347E-240A-4442-8839-305519C659C6}
	EndGlobalSection
EndGlobal
