
Microsoft Visual Studio Solution File, Format Version 12.00
# Visual Studio Version 16
VisualStudioVersion = 16.0.31729.503
MinimumVisualStudioVersion = 10.0.40219.1
Project("{FAE04EC0-301F-11D3-BF4B-00C04F79EFBC}") = "Ovelse6-9", "Ovelse6-9\Ovelse6-9.csproj", "{C64D0C0B-BDA7-41B4-893F-835046F72794}"
EndProject
Global
	GlobalSection(SolutionConfigurationPlatforms) = preSolution
		Debug|Any CPU = Debug|Any CPU
		Release|Any CPU = Release|Any CPU
	EndGlobalSection
	GlobalSection(ProjectConfigurationPlatforms) = postSolution
		{C64D0C0B-BDA7-41B4-893F-835046F72794}.Debug|Any CPU.ActiveCfg = Debug|Any CPU
		{C64D0C0B-BDA7-41B4-893F-835046F72794}.Debug|Any CPU.Build.0 = Debug|Any CPU
		{C64D0C0B-BDA7-41B4-893F-835046F72794}.Release|Any CPU.ActiveCfg = Release|Any CPU
		{C64D0C0B-BDA7-41B4-893F-835046F72794}.Release|Any CPU.Build.0 = Release|Any CPU
	EndGlobalSection
	GlobalSection(SolutionProperties) = preSolution
		HideSolutionNode = FALSE
	EndGlobalSection
	GlobalSection(ExtensibilityGlobals) = postSolution
		SolutionGuid = {A438C77E-9E1C-4FAE-B350-BCE7D3B1EC74}
	EndGlobalSection
EndGlobal
