
Microsoft Visual Studio Solution File, Format Version 12.00
# Visual Studio Version 16
VisualStudioVersion = 16.0.31424.327
MinimumVisualStudioVersion = 10.0.40219.1
Project("{FAE04EC0-301F-11D3-BF4B-00C04F79EFBC}") = "Ovelse3-10", "Ovelse3-10\Ovelse3-10.csproj", "{729702CC-8195-4117-83D9-997437D489BE}"
EndProject
Global
	GlobalSection(SolutionConfigurationPlatforms) = preSolution
		Debug|Any CPU = Debug|Any CPU
		Release|Any CPU = Release|Any CPU
	EndGlobalSection
	GlobalSection(ProjectConfigurationPlatforms) = postSolution
		{729702CC-8195-4117-83D9-997437D489BE}.Debug|Any CPU.ActiveCfg = Debug|Any CPU
		{729702CC-8195-4117-83D9-997437D489BE}.Debug|Any CPU.Build.0 = Debug|Any CPU
		{729702CC-8195-4117-83D9-997437D489BE}.Release|Any CPU.ActiveCfg = Release|Any CPU
		{729702CC-8195-4117-83D9-997437D489BE}.Release|Any CPU.Build.0 = Release|Any CPU
	EndGlobalSection
	GlobalSection(SolutionProperties) = preSolution
		HideSolutionNode = FALSE
	EndGlobalSection
	GlobalSection(ExtensibilityGlobals) = postSolution
		SolutionGuid = {B3C0ADAE-08C3-4A3A-B2BC-DFB3A29AD47A}
	EndGlobalSection
EndGlobal
