
Microsoft Visual Studio Solution File, Format Version 12.00
# Visual Studio Version 16
VisualStudioVersion = 16.0.31729.503
MinimumVisualStudioVersion = 10.0.40219.1
Project("{FAE04EC0-301F-11D3-BF4B-00C04F79EFBC}") = "Ovelse5-10", "Ovelse5-10\Ovelse5-10.csproj", "{B6739D47-0C91-4146-852F-5239E8BBBE24}"
EndProject
Global
	GlobalSection(SolutionConfigurationPlatforms) = preSolution
		Debug|Any CPU = Debug|Any CPU
		Release|Any CPU = Release|Any CPU
	EndGlobalSection
	GlobalSection(ProjectConfigurationPlatforms) = postSolution
		{B6739D47-0C91-4146-852F-5239E8BBBE24}.Debug|Any CPU.ActiveCfg = Debug|Any CPU
		{B6739D47-0C91-4146-852F-5239E8BBBE24}.Debug|Any CPU.Build.0 = Debug|Any CPU
		{B6739D47-0C91-4146-852F-5239E8BBBE24}.Release|Any CPU.ActiveCfg = Release|Any CPU
		{B6739D47-0C91-4146-852F-5239E8BBBE24}.Release|Any CPU.Build.0 = Release|Any CPU
	EndGlobalSection
	GlobalSection(SolutionProperties) = preSolution
		HideSolutionNode = FALSE
	EndGlobalSection
	GlobalSection(ExtensibilityGlobals) = postSolution
		SolutionGuid = {BEC0A7FF-0825-470A-96BC-EC59DA16834B}
	EndGlobalSection
EndGlobal
