
Microsoft Visual Studio Solution File, Format Version 12.00
# Visual Studio Version 16
VisualStudioVersion = 16.0.31424.327
MinimumVisualStudioVersion = 10.0.40219.1
Project("{FAE04EC0-301F-11D3-BF4B-00C04F79EFBC}") = "Ovelse3-3", "Ovelse3-3\Ovelse3-3.csproj", "{19EE7AE2-44A2-496B-BC07-E8C942F48212}"
EndProject
Global
	GlobalSection(SolutionConfigurationPlatforms) = preSolution
		Debug|Any CPU = Debug|Any CPU
		Release|Any CPU = Release|Any CPU
	EndGlobalSection
	GlobalSection(ProjectConfigurationPlatforms) = postSolution
		{19EE7AE2-44A2-496B-BC07-E8C942F48212}.Debug|Any CPU.ActiveCfg = Debug|Any CPU
		{19EE7AE2-44A2-496B-BC07-E8C942F48212}.Debug|Any CPU.Build.0 = Debug|Any CPU
		{19EE7AE2-44A2-496B-BC07-E8C942F48212}.Release|Any CPU.ActiveCfg = Release|Any CPU
		{19EE7AE2-44A2-496B-BC07-E8C942F48212}.Release|Any CPU.Build.0 = Release|Any CPU
	EndGlobalSection
	GlobalSection(SolutionProperties) = preSolution
		HideSolutionNode = FALSE
	EndGlobalSection
	GlobalSection(ExtensibilityGlobals) = postSolution
		SolutionGuid = {531028F5-C4FB-45B2-A4DC-7835C59633B5}
	EndGlobalSection
EndGlobal
