
Microsoft Visual Studio Solution File, Format Version 12.00
# Visual Studio Version 16
VisualStudioVersion = 16.0.31729.503
MinimumVisualStudioVersion = 10.0.40219.1
Project("{FAE04EC0-301F-11D3-BF4B-00C04F79EFBC}") = "Ovelse8-2", "Ovelse8-2\Ovelse8-2.csproj", "{2C507A98-F6CA-4EF9-BCFB-48BB6DF2BA99}"
EndProject
Global
	GlobalSection(SolutionConfigurationPlatforms) = preSolution
		Debug|Any CPU = Debug|Any CPU
		Release|Any CPU = Release|Any CPU
	EndGlobalSection
	GlobalSection(ProjectConfigurationPlatforms) = postSolution
		{2C507A98-F6CA-4EF9-BCFB-48BB6DF2BA99}.Debug|Any CPU.ActiveCfg = Debug|Any CPU
		{2C507A98-F6CA-4EF9-BCFB-48BB6DF2BA99}.Debug|Any CPU.Build.0 = Debug|Any CPU
		{2C507A98-F6CA-4EF9-BCFB-48BB6DF2BA99}.Release|Any CPU.ActiveCfg = Release|Any CPU
		{2C507A98-F6CA-4EF9-BCFB-48BB6DF2BA99}.Release|Any CPU.Build.0 = Release|Any CPU
	EndGlobalSection
	GlobalSection(SolutionProperties) = preSolution
		HideSolutionNode = FALSE
	EndGlobalSection
	GlobalSection(ExtensibilityGlobals) = postSolution
		SolutionGuid = {1EDB7374-91AF-44E1-BE7C-4F610B90F22A}
	EndGlobalSection
EndGlobal
